
Microsoft Visual Studio Solution File, Format Version 12.00
# Visual Studio 15
VisualStudioVersion = 15.0.28307.1525
MinimumVisualStudioVersion = 10.0.40219.1
Project("{FAE04EC0-301F-11D3-BF4B-00C04F79EFBC}") = "SammysAutoTwo", "SammysAutoTwo\SammysAutoTwo.csproj", "{4A76948F-D125-4C1C-A8EF-61F268222E32}"
EndProject
Global
	GlobalSection(SolutionConfigurationPlatforms) = preSolution
		Debug|Any CPU = Debug|Any CPU
		Release|Any CPU = Release|Any CPU
	EndGlobalSection
	GlobalSection(ProjectConfigurationPlatforms) = postSolution
		{4A76948F-D125-4C1C-A8EF-61F268222E32}.Debug|Any CPU.ActiveCfg = Debug|Any CPU
		{4A76948F-D125-4C1C-A8EF-61F268222E32}.Debug|Any CPU.Build.0 = Debug|Any CPU
		{4A76948F-D125-4C1C-A8EF-61F268222E32}.Release|Any CPU.ActiveCfg = Release|Any CPU
		{4A76948F-D125-4C1C-A8EF-61F268222E32}.Release|Any CPU.Build.0 = Release|Any CPU
	EndGlobalSection
	GlobalSection(SolutionProperties) = preSolution
		HideSolutionNode = FALSE
	EndGlobalSection
	GlobalSection(ExtensibilityGlobals) = postSolution
		SolutionGuid = {B50A39B4-A415-4151-B7B5-65CBC9D781EE}
	EndGlobalSection
EndGlobal
